
Microsoft Visual Studio Solution File, Format Version 12.00
# Visual Studio Version 16
VisualStudioVersion = 16.0.31025.194
MinimumVisualStudioVersion = 10.0.40219.1
Project("{FAE04EC0-301F-11D3-BF4B-00C04F79EFBC}") = "Campus Placement", "Campus Placement.csproj", "{D882787C-C160-463C-96C2-2338CA32B887}"
EndProject
Global
	GlobalSection(SolutionConfigurationPlatforms) = preSolution
		Debug|Any CPU = Debug|Any CPU
		Release|Any CPU = Release|Any CPU
	EndGlobalSection
	GlobalSection(ProjectConfigurationPlatforms) = postSolution
		{D882787C-C160-463C-96C2-2338CA32B887}.Debug|Any CPU.ActiveCfg = Debug|Any CPU
		{D882787C-C160-463C-96C2-2338CA32B887}.Debug|Any CPU.Build.0 = Debug|Any CPU
		{D882787C-C160-463C-96C2-2338CA32B887}.Release|Any CPU.ActiveCfg = Release|Any CPU
		{D882787C-C160-463C-96C2-2338CA32B887}.Release|Any CPU.Build.0 = Release|Any CPU
	EndGlobalSection
	GlobalSection(SolutionProperties) = preSolution
		HideSolutionNode = FALSE
	EndGlobalSection
	GlobalSection(ExtensibilityGlobals) = postSolution
		SolutionGuid = {DA9268CD-9F9B-4ADE-A202-2E78CE32FD34}
	EndGlobalSection
EndGlobal
